
Microsoft Visual Studio Solution File, Format Version 12.00
# Visual Studio Version 16
VisualStudioVersion = 16.0.31729.503
MinimumVisualStudioVersion = 10.0.40219.1
Project("{9A19103F-16F7-4668-BE54-9A1E7A4F7556}") = "BLL", "BLL\BLL.csproj", "{7CA4410D-69C4-4B2A-9DA7-4A96861A9000}"
EndProject
Project("{9A19103F-16F7-4668-BE54-9A1E7A4F7556}") = "Core", "Core\Core.csproj", "{C58C0E2B-1A49-4C9B-9A74-E20A31598A7B}"
EndProject
Project("{9A19103F-16F7-4668-BE54-9A1E7A4F7556}") = "DAL", "DAL\DAL.csproj", "{B6A02440-FE79-4F32-B4D8-BC7E21E1420D}"
EndProject
Project("{9A19103F-16F7-4668-BE54-9A1E7A4F7556}") = "DAL.Abstractions", "DAL.Abstractions\DAL.Abstractions.csproj", "{685DFC8B-ACAE-4ED2-BC0D-B90E62E9A612}"
EndProject
Project("{9A19103F-16F7-4668-BE54-9A1E7A4F7556}") = "BLL.Abstractions", "BLL.Abstractions\BLL.Abstractions.csproj", "{A2069941-D61C-4A6C-A1E3-223776668D31}"
EndProject
Project("{9A19103F-16F7-4668-BE54-9A1E7A4F7556}") = "PresentationLayer", "PresentationLayer\PresentationLayer.csproj", "{95C1740C-A4B2-4D5C-91ED-99A1BDED198A}"
EndProject
Project("{FAE04EC0-301F-11D3-BF4B-00C04F79EFBC}") = "WebApi", "WebApi\WebApi.csproj", "{DF34F1E9-2B9A-4701-AE37-44E965D26F6B}"
EndProject
Global
	GlobalSection(SolutionConfigurationPlatforms) = preSolution
		Debug|Any CPU = Debug|Any CPU
		Release|Any CPU = Release|Any CPU
	EndGlobalSection
	GlobalSection(ProjectConfigurationPlatforms) = postSolution
		{7CA4410D-69C4-4B2A-9DA7-4A96861A9000}.Debug|Any CPU.ActiveCfg = Debug|Any CPU
		{7CA4410D-69C4-4B2A-9DA7-4A96861A9000}.Debug|Any CPU.Build.0 = Debug|Any CPU
		{7CA4410D-69C4-4B2A-9DA7-4A96861A9000}.Release|Any CPU.ActiveCfg = Release|Any CPU
		{7CA4410D-69C4-4B2A-9DA7-4A96861A9000}.Release|Any CPU.Build.0 = Release|Any CPU
		{C58C0E2B-1A49-4C9B-9A74-E20A31598A7B}.Debug|Any CPU.ActiveCfg = Debug|Any CPU
		{C58C0E2B-1A49-4C9B-9A74-E20A31598A7B}.Debug|Any CPU.Build.0 = Debug|Any CPU
		{C58C0E2B-1A49-4C9B-9A74-E20A31598A7B}.Release|Any CPU.ActiveCfg = Release|Any CPU
		{C58C0E2B-1A49-4C9B-9A74-E20A31598A7B}.Release|Any CPU.Build.0 = Release|Any CPU
		{B6A02440-FE79-4F32-B4D8-BC7E21E1420D}.Debug|Any CPU.ActiveCfg = Debug|Any CPU
		{B6A02440-FE79-4F32-B4D8-BC7E21E1420D}.Debug|Any CPU.Build.0 = Debug|Any CPU
		{B6A02440-FE79-4F32-B4D8-BC7E21E1420D}.Release|Any CPU.ActiveCfg = Release|Any CPU
		{B6A02440-FE79-4F32-B4D8-BC7E21E1420D}.Release|Any CPU.Build.0 = Release|Any CPU
		{685DFC8B-ACAE-4ED2-BC0D-B90E62E9A612}.Debug|Any CPU.ActiveCfg = Debug|Any CPU
		{685DFC8B-ACAE-4ED2-BC0D-B90E62E9A612}.Debug|Any CPU.Build.0 = Debug|Any CPU
		{685DFC8B-ACAE-4ED2-BC0D-B90E62E9A612}.Release|Any CPU.ActiveCfg = Release|Any CPU
		{685DFC8B-ACAE-4ED2-BC0D-B90E62E9A612}.Release|Any CPU.Build.0 = Release|Any CPU
		{A2069941-D61C-4A6C-A1E3-223776668D31}.Debug|Any CPU.ActiveCfg = Debug|Any CPU
		{A2069941-D61C-4A6C-A1E3-223776668D31}.Debug|Any CPU.Build.0 = Debug|Any CPU
		{A2069941-D61C-4A6C-A1E3-223776668D31}.Release|Any CPU.ActiveCfg = Release|Any CPU
		{A2069941-D61C-4A6C-A1E3-223776668D31}.Release|Any CPU.Build.0 = Release|Any CPU
		{95C1740C-A4B2-4D5C-91ED-99A1BDED198A}.Debug|Any CPU.ActiveCfg = Debug|Any CPU
		{95C1740C-A4B2-4D5C-91ED-99A1BDED198A}.Debug|Any CPU.Build.0 = Debug|Any CPU
		{95C1740C-A4B2-4D5C-91ED-99A1BDED198A}.Release|Any CPU.ActiveCfg = Release|Any CPU
		{95C1740C-A4B2-4D5C-91ED-99A1BDED198A}.Release|Any CPU.Build.0 = Release|Any CPU
		{DF34F1E9-2B9A-4701-AE37-44E965D26F6B}.Debug|Any CPU.ActiveCfg = Debug|Any CPU
		{DF34F1E9-2B9A-4701-AE37-44E965D26F6B}.Debug|Any CPU.Build.0 = Debug|Any CPU
		{DF34F1E9-2B9A-4701-AE37-44E965D26F6B}.Release|Any CPU.ActiveCfg = Release|Any CPU
		{DF34F1E9-2B9A-4701-AE37-44E965D26F6B}.Release|Any CPU.Build.0 = Release|Any CPU
	EndGlobalSection
	GlobalSection(SolutionProperties) = preSolution
		HideSolutionNode = FALSE
	EndGlobalSection
	GlobalSection(ExtensibilityGlobals) = postSolution
		SolutionGuid = {05E3C0F1-D69F-4A82-B75F-8D249C2F65BF}
	EndGlobalSection
EndGlobal
